// !$*UTF8*$!
{
	archiveVersion = 1;
	classes = {
	};
	objectVersion = 56;
	objects = {

/* Begin PBXBuildFile section */
		42FC0F4C8D6E24BF4901698B /* Pods_RocketTap.framework in Frameworks */ = {isa = PBXBuildFile; fileRef = 61A6618AFBC1A50FC582B4FE /* Pods_RocketTap.framework */; };
		4F1D322C29847C5F00225C9F /* UILabel + Extension.swift in Sources */ = {isa = PBXBuildFile; fileRef = 4F1D322B29847C5F00225C9F /* UILabel + Extension.swift */; };
		4F1D324E2984885100225C9F /* UIImageView + Extension.swift in Sources */ = {isa = PBXBuildFile; fileRef = 4F1D324D2984885100225C9F /* UIImageView + Extension.swift */; };
		4F6B699729855D39009156CE /* GameViewController.swift in Sources */ = {isa = PBXBuildFile; fileRef = 4F6B699629855D39009156CE /* GameViewController.swift */; };
		4F6B699929855F21009156CE /* ButtonWithLogo.swift in Sources */ = {isa = PBXBuildFile; fileRef = 4F6B699829855F21009156CE /* ButtonWithLogo.swift */; };
		4F6B699B298565A0009156CE /* GameModel.swift in Sources */ = {isa = PBXBuildFile; fileRef = 4F6B699A298565A0009156CE /* GameModel.swift */; };
		4F6B699E298569DC009156CE /* GameInfoView.swift in Sources */ = {isa = PBXBuildFile; fileRef = 4F6B699D298569DC009156CE /* GameInfoView.swift */; };
		4F6B69A229858534009156CE /* GameOverViewController.swift in Sources */ = {isa = PBXBuildFile; fileRef = 4F6B69A129858534009156CE /* GameOverViewController.swift */; };
		4F6B69A4298588E6009156CE /* LogoView.swift in Sources */ = {isa = PBXBuildFile; fileRef = 4F6B69A3298588E6009156CE /* LogoView.swift */; };
		4F6B69A629858D87009156CE /* GameOverView.swift in Sources */ = {isa = PBXBuildFile; fileRef = 4F6B69A529858D87009156CE /* GameOverView.swift */; };
		4F8D21A5298495F2008A883A /* SpaceGrotesk-Regular.ttf in Resources */ = {isa = PBXBuildFile; fileRef = 4F8D21A4298495F2008A883A /* SpaceGrotesk-Regular.ttf */; };
		4F8D21A72984967A008A883A /* SpaceGrotesk-Bold.ttf in Resources */ = {isa = PBXBuildFile; fileRef = 4F8D21A62984967A008A883A /* SpaceGrotesk-Bold.ttf */; };
		4F8D21AA298496C2008A883A /* UIFont + Extension.swift in Sources */ = {isa = PBXBuildFile; fileRef = 4F8D21A9298496C2008A883A /* UIFont + Extension.swift */; };
		4F8D21AC29849A15008A883A /* UIStackView + Extension.swift in Sources */ = {isa = PBXBuildFile; fileRef = 4F8D21AB29849A15008A883A /* UIStackView + Extension.swift */; };
		4F8D21AE2984A22E008A883A /* UIButton + Extension.swift in Sources */ = {isa = PBXBuildFile; fileRef = 4F8D21AD2984A22E008A883A /* UIButton + Extension.swift */; };
		4F8D21B02984A3F4008A883A /* GradientView.swift in Sources */ = {isa = PBXBuildFile; fileRef = 4F8D21AF2984A3F4008A883A /* GradientView.swift */; };
		4F915407298460E700CBDABA /* AppDelegate.swift in Sources */ = {isa = PBXBuildFile; fileRef = 4F915406298460E700CBDABA /* AppDelegate.swift */; };
		4F915410298460E800CBDABA /* Assets.xcassets in Resources */ = {isa = PBXBuildFile; fileRef = 4F91540F298460E800CBDABA /* Assets.xcassets */; };
		4F915413298460E800CBDABA /* LaunchScreen.storyboard in Resources */ = {isa = PBXBuildFile; fileRef = 4F915411298460E800CBDABA /* LaunchScreen.storyboard */; };
		4F915421298463EB00CBDABA /* MenuViewController.swift in Sources */ = {isa = PBXBuildFile; fileRef = 4F915420298463EB00CBDABA /* MenuViewController.swift */; };
/* End PBXBuildFile section */

/* Begin PBXFileReference section */
		3869B597C411E039C868F64D /* Pods-RocketTap.debug.xcconfig */ = {isa = PBXFileReference; includeInIndex = 1; lastKnownFileType = text.xcconfig; name = "Pods-RocketTap.debug.xcconfig"; path = "Target Support Files/Pods-RocketTap/Pods-RocketTap.debug.xcconfig"; sourceTree = "<group>"; };
		3D294CEF3E5019AFBED0D976 /* Pods-RocketTap.release.xcconfig */ = {isa = PBXFileReference; includeInIndex = 1; lastKnownFileType = text.xcconfig; name = "Pods-RocketTap.release.xcconfig"; path = "Target Support Files/Pods-RocketTap/Pods-RocketTap.release.xcconfig"; sourceTree = "<group>"; };
		4F1D322B29847C5F00225C9F /* UILabel + Extension.swift */ = {isa = PBXFileReference; lastKnownFileType = sourcecode.swift; path = "UILabel + Extension.swift"; sourceTree = "<group>"; };
		4F1D324D2984885100225C9F /* UIImageView + Extension.swift */ = {isa = PBXFileReference; lastKnownFileType = sourcecode.swift; path = "UIImageView + Extension.swift"; sourceTree = "<group>"; };
		4F6B699629855D39009156CE /* GameViewController.swift */ = {isa = PBXFileReference; lastKnownFileType = sourcecode.swift; path = GameViewController.swift; sourceTree = "<group>"; };
		4F6B699829855F21009156CE /* ButtonWithLogo.swift */ = {isa = PBXFileReference; lastKnownFileType = sourcecode.swift; path = ButtonWithLogo.swift; sourceTree = "<group>"; };
		4F6B699A298565A0009156CE /* GameModel.swift */ = {isa = PBXFileReference; lastKnownFileType = sourcecode.swift; path = GameModel.swift; sourceTree = "<group>"; };
		4F6B699D298569DC009156CE /* GameInfoView.swift */ = {isa = PBXFileReference; lastKnownFileType = sourcecode.swift; path = GameInfoView.swift; sourceTree = "<group>"; };
		4F6B69A129858534009156CE /* GameOverViewController.swift */ = {isa = PBXFileReference; lastKnownFileType = sourcecode.swift; path = GameOverViewController.swift; sourceTree = "<group>"; };
		4F6B69A3298588E6009156CE /* LogoView.swift */ = {isa = PBXFileReference; lastKnownFileType = sourcecode.swift; path = LogoView.swift; sourceTree = "<group>"; };
		4F6B69A529858D87009156CE /* GameOverView.swift */ = {isa = PBXFileReference; lastKnownFileType = sourcecode.swift; path = GameOverView.swift; sourceTree = "<group>"; };
		4F8D21A4298495F2008A883A /* SpaceGrotesk-Regular.ttf */ = {isa = PBXFileReference; lastKnownFileType = file; path = "SpaceGrotesk-Regular.ttf"; sourceTree = "<group>"; };
		4F8D21A62984967A008A883A /* SpaceGrotesk-Bold.ttf */ = {isa = PBXFileReference; lastKnownFileType = file; path = "SpaceGrotesk-Bold.ttf"; sourceTree = "<group>"; };
		4F8D21A9298496C2008A883A /* UIFont + Extension.swift */ = {isa = PBXFileReference; lastKnownFileType = sourcecode.swift; path = "UIFont + Extension.swift"; sourceTree = "<group>"; };
		4F8D21AB29849A15008A883A /* UIStackView + Extension.swift */ = {isa = PBXFileReference; lastKnownFileType = sourcecode.swift; path = "UIStackView + Extension.swift"; sourceTree = "<group>"; };
		4F8D21AD2984A22E008A883A /* UIButton + Extension.swift */ = {isa = PBXFileReference; lastKnownFileType = sourcecode.swift; path = "UIButton + Extension.swift"; sourceTree = "<group>"; };
		4F8D21AF2984A3F4008A883A /* GradientView.swift */ = {isa = PBXFileReference; lastKnownFileType = sourcecode.swift; path = GradientView.swift; sourceTree = "<group>"; };
		4F915403298460E700CBDABA /* RocketTap.app */ = {isa = PBXFileReference; explicitFileType = wrapper.application; includeInIndex = 0; path = RocketTap.app; sourceTree = BUILT_PRODUCTS_DIR; };
		4F915406298460E700CBDABA /* AppDelegate.swift */ = {isa = PBXFileReference; lastKnownFileType = sourcecode.swift; path = AppDelegate.swift; sourceTree = "<group>"; };
		4F91540F298460E800CBDABA /* Assets.xcassets */ = {isa = PBXFileReference; lastKnownFileType = folder.assetcatalog; path = Assets.xcassets; sourceTree = "<group>"; };
		4F915412298460E800CBDABA /* Base */ = {isa = PBXFileReference; lastKnownFileType = file.storyboard; name = Base; path = Base.lproj/LaunchScreen.storyboard; sourceTree = "<group>"; };
		4F915414298460E800CBDABA /* Info.plist */ = {isa = PBXFileReference; lastKnownFileType = text.plist.xml; path = Info.plist; sourceTree = "<group>"; };
		4F915420298463EB00CBDABA /* MenuViewController.swift */ = {isa = PBXFileReference; lastKnownFileType = sourcecode.swift; path = MenuViewController.swift; sourceTree = "<group>"; };
		61A6618AFBC1A50FC582B4FE /* Pods_RocketTap.framework */ = {isa = PBXFileReference; explicitFileType = wrapper.framework; includeInIndex = 0; path = Pods_RocketTap.framework; sourceTree = BUILT_PRODUCTS_DIR; };
/* End PBXFileReference section */

/* Begin PBXFrameworksBuildPhase section */
		4F915400298460E700CBDABA /* Frameworks */ = {
			isa = PBXFrameworksBuildPhase;
			buildActionMask = 2147483647;
			files = (
				42FC0F4C8D6E24BF4901698B /* Pods_RocketTap.framework in Frameworks */,
			);
			runOnlyForDeploymentPostprocessing = 0;
		};
/* End PBXFrameworksBuildPhase section */

/* Begin PBXGroup section */
		46AA5083D98B87FA73B5441F /* Pods */ = {
			isa = PBXGroup;
			children = (
				3869B597C411E039C868F64D /* Pods-RocketTap.debug.xcconfig */,
				3D294CEF3E5019AFBED0D976 /* Pods-RocketTap.release.xcconfig */,
			);
			path = Pods;
			sourceTree = "<group>";
		};
		4F14E72829847A8A0026E342 /* UIKit */ = {
			isa = PBXGroup;
			children = (
				4F6B69A3298588E6009156CE /* LogoView.swift */,
				4F6B699D298569DC009156CE /* GameInfoView.swift */,
				4F6B69A529858D87009156CE /* GameOverView.swift */,
				4F6B699829855F21009156CE /* ButtonWithLogo.swift */,
				4F8D21AF2984A3F4008A883A /* GradientView.swift */,
			);
			path = UIKit;
			sourceTree = "<group>";
		};
		4F8D21A3298495E6008A883A /* Fonts */ = {
			isa = PBXGroup;
			children = (
				4F8D21A829849686008A883A /* SpaceGrotesk */,
			);
			path = Fonts;
			sourceTree = "<group>";
		};
		4F8D21A829849686008A883A /* SpaceGrotesk */ = {
			isa = PBXGroup;
			children = (
				4F8D21A4298495F2008A883A /* SpaceGrotesk-Regular.ttf */,
				4F8D21A62984967A008A883A /* SpaceGrotesk-Bold.ttf */,
			);
			path = SpaceGrotesk;
			sourceTree = "<group>";
		};
		4F9153FA298460E700CBDABA = {
			isa = PBXGroup;
			children = (
				4F915405298460E700CBDABA /* RocketTap */,
				4F915404298460E700CBDABA /* Products */,
				46AA5083D98B87FA73B5441F /* Pods */,
				75FC5B29F121343D722CE7A4 /* Frameworks */,
			);
			sourceTree = "<group>";
		};
		4F915404298460E700CBDABA /* Products */ = {
			isa = PBXGroup;
			children = (
				4F915403298460E700CBDABA /* RocketTap.app */,
			);
			name = Products;
			sourceTree = "<group>";
		};
		4F915405298460E700CBDABA /* RocketTap */ = {
			isa = PBXGroup;
			children = (
				4F91541D2984620F00CBDABA /* App */,
				4F91541E2984632000CBDABA /* Models */,
				4F91541F2984632600CBDABA /* Controllers */,
				4F14E72829847A8A0026E342 /* UIKit */,
				4F91541C298461FE00CBDABA /* UIKit + Extensions */,
				4F91541B298461C500CBDABA /* Resources */,
				4F91541A298461B900CBDABA /* Settings */,
			);
			path = RocketTap;
			sourceTree = "<group>";
		};
		4F91541A298461B900CBDABA /* Settings */ = {
			isa = PBXGroup;
			children = (
				4F915414298460E800CBDABA /* Info.plist */,
			);
			path = Settings;
			sourceTree = "<group>";
		};
		4F91541B298461C500CBDABA /* Resources */ = {
			isa = PBXGroup;
			children = (
				4F8D21A3298495E6008A883A /* Fonts */,
				4F91540F298460E800CBDABA /* Assets.xcassets */,
			);
			path = Resources;
			sourceTree = "<group>";
		};
		4F91541C298461FE00CBDABA /* UIKit + Extensions */ = {
			isa = PBXGroup;
			children = (
				4F1D322B29847C5F00225C9F /* UILabel + Extension.swift */,
				4F1D324D2984885100225C9F /* UIImageView + Extension.swift */,
				4F8D21A9298496C2008A883A /* UIFont + Extension.swift */,
				4F8D21AB29849A15008A883A /* UIStackView + Extension.swift */,
				4F8D21AD2984A22E008A883A /* UIButton + Extension.swift */,
			);
			path = "UIKit + Extensions";
			sourceTree = "<group>";
		};
		4F91541D2984620F00CBDABA /* App */ = {
			isa = PBXGroup;
			children = (
				4F915406298460E700CBDABA /* AppDelegate.swift */,
				4F915411298460E800CBDABA /* LaunchScreen.storyboard */,
			);
			path = App;
			sourceTree = "<group>";
		};
		4F91541E2984632000CBDABA /* Models */ = {
			isa = PBXGroup;
			children = (
				4F6B699A298565A0009156CE /* GameModel.swift */,
			);
			path = Models;
			sourceTree = "<group>";
		};
		4F91541F2984632600CBDABA /* Controllers */ = {
			isa = PBXGroup;
			children = (
				4F915420298463EB00CBDABA /* MenuViewController.swift */,
				4F6B699629855D39009156CE /* GameViewController.swift */,
				4F6B69A129858534009156CE /* GameOverViewController.swift */,
			);
			path = Controllers;
			sourceTree = "<group>";
		};
		75FC5B29F121343D722CE7A4 /* Frameworks */ = {
			isa = PBXGroup;
			children = (
				61A6618AFBC1A50FC582B4FE /* Pods_RocketTap.framework */,
			);
			name = Frameworks;
			sourceTree = "<group>";
		};
/* End PBXGroup section */

/* Begin PBXNativeTarget section */
		4F915402298460E700CBDABA /* RocketTap */ = {
			isa = PBXNativeTarget;
			buildConfigurationList = 4F915417298460E800CBDABA /* Build configuration list for PBXNativeTarget "RocketTap" */;
			buildPhases = (
				4D570571852A1BEF9320789B /* [CP] Check Pods Manifest.lock */,
				4F9153FF298460E700CBDABA /* Sources */,
				4F915400298460E700CBDABA /* Frameworks */,
				4F915401298460E700CBDABA /* Resources */,
				D51022C115F8CAC802632D96 /* [CP] Embed Pods Frameworks */,
			);
			buildRules = (
			);
			dependencies = (
			);
			name = RocketTap;
			productName = RocketTap;
			productReference = 4F915403298460E700CBDABA /* RocketTap.app */;
			productType = "com.apple.product-type.application";
		};
/* End PBXNativeTarget section */

/* Begin PBXProject section */
		4F9153FB298460E700CBDABA /* Project object */ = {
			isa = PBXProject;
			attributes = {
				BuildIndependentTargetsInParallel = 1;
				LastSwiftUpdateCheck = 1420;
				LastUpgradeCheck = 1420;
				TargetAttributes = {
					4F915402298460E700CBDABA = {
						CreatedOnToolsVersion = 14.2;
					};
				};
			};
			buildConfigurationList = 4F9153FE298460E700CBDABA /* Build configuration list for PBXProject "RocketTap" */;
			compatibilityVersion = "Xcode 14.0";
			developmentRegion = en;
			hasScannedForEncodings = 0;
			knownRegions = (
				en,
				Base,
			);
			mainGroup = 4F9153FA298460E700CBDABA;
			productRefGroup = 4F915404298460E700CBDABA /* Products */;
			projectDirPath = "";
			projectRoot = "";
			targets = (
				4F915402298460E700CBDABA /* RocketTap */,
			);
		};
/* End PBXProject section */

/* Begin PBXResourcesBuildPhase section */
		4F915401298460E700CBDABA /* Resources */ = {
			isa = PBXResourcesBuildPhase;
			buildActionMask = 2147483647;
			files = (
				4F915413298460E800CBDABA /* LaunchScreen.storyboard in Resources */,
				4F915410298460E800CBDABA /* Assets.xcassets in Resources */,
				4F8D21A72984967A008A883A /* SpaceGrotesk-Bold.ttf in Resources */,
				4F8D21A5298495F2008A883A /* SpaceGrotesk-Regular.ttf in Resources */,
			);
			runOnlyForDeploymentPostprocessing = 0;
		};
/* End PBXResourcesBuildPhase section */

/* Begin PBXShellScriptBuildPhase section */
		4D570571852A1BEF9320789B /* [CP] Check Pods Manifest.lock */ = {
			isa = PBXShellScriptBuildPhase;
			buildActionMask = 2147483647;
			files = (
			);
			inputFileListPaths = (
			);
			inputPaths = (
				"${PODS_PODFILE_DIR_PATH}/Podfile.lock",
				"${PODS_ROOT}/Manifest.lock",
			);
			name = "[CP] Check Pods Manifest.lock";
			outputFileListPaths = (
			);
			outputPaths = (
				"$(DERIVED_FILE_DIR)/Pods-RocketTap-checkManifestLockResult.txt",
			);
			runOnlyForDeploymentPostprocessing = 0;
			shellPath = /bin/sh;
			shellScript = "diff \"${PODS_PODFILE_DIR_PATH}/Podfile.lock\" \"${PODS_ROOT}/Manifest.lock\" > /dev/null\nif [ $? != 0 ] ; then\n    # print error to STDERR\n    echo \"error: The sandbox is not in sync with the Podfile.lock. Run 'pod install' or update your CocoaPods installation.\" >&2\n    exit 1\nfi\n# This output is used by Xcode 'outputs' to avoid re-running this script phase.\necho \"SUCCESS\" > \"${SCRIPT_OUTPUT_FILE_0}\"\n";
			showEnvVarsInLog = 0;
		};
		D51022C115F8CAC802632D96 /* [CP] Embed Pods Frameworks */ = {
			isa = PBXShellScriptBuildPhase;
			buildActionMask = 2147483647;
			files = (
			);
			inputFileListPaths = (
				"${PODS_ROOT}/Target Support Files/Pods-RocketTap/Pods-RocketTap-frameworks-${CONFIGURATION}-input-files.xcfilelist",
			);
			name = "[CP] Embed Pods Frameworks";
			outputFileListPaths = (
				"${PODS_ROOT}/Target Support Files/Pods-RocketTap/Pods-RocketTap-frameworks-${CONFIGURATION}-output-files.xcfilelist",
			);
			runOnlyForDeploymentPostprocessing = 0;
			shellPath = /bin/sh;
			shellScript = "\"${PODS_ROOT}/Target Support Files/Pods-RocketTap/Pods-RocketTap-frameworks.sh\"\n";
			showEnvVarsInLog = 0;
		};
/* End PBXShellScriptBuildPhase section */

/* Begin PBXSourcesBuildPhase section */
		4F9153FF298460E700CBDABA /* Sources */ = {
			isa = PBXSourcesBuildPhase;
			buildActionMask = 2147483647;
			files = (
				4F8D21AA298496C2008A883A /* UIFont + Extension.swift in Sources */,
				4F1D324E2984885100225C9F /* UIImageView + Extension.swift in Sources */,
				4F915407298460E700CBDABA /* AppDelegate.swift in Sources */,
				4F6B69A229858534009156CE /* GameOverViewController.swift in Sources */,
				4F6B699929855F21009156CE /* ButtonWithLogo.swift in Sources */,
				4F8D21AE2984A22E008A883A /* UIButton + Extension.swift in Sources */,
				4F6B699E298569DC009156CE /* GameInfoView.swift in Sources */,
				4F8D21AC29849A15008A883A /* UIStackView + Extension.swift in Sources */,
				4F1D322C29847C5F00225C9F /* UILabel + Extension.swift in Sources */,
				4F6B69A4298588E6009156CE /* LogoView.swift in Sources */,
				4F8D21B02984A3F4008A883A /* GradientView.swift in Sources */,
				4F6B699729855D39009156CE /* GameViewController.swift in Sources */,
				4F6B699B298565A0009156CE /* GameModel.swift in Sources */,
				4F6B69A629858D87009156CE /* GameOverView.swift in Sources */,
				4F915421298463EB00CBDABA /* MenuViewController.swift in Sources */,
			);
			runOnlyForDeploymentPostprocessing = 0;
		};
/* End PBXSourcesBuildPhase section */

/* Begin PBXVariantGroup section */
		4F915411298460E800CBDABA /* LaunchScreen.storyboard */ = {
			isa = PBXVariantGroup;
			children = (
				4F915412298460E800CBDABA /* Base */,
			);
			name = LaunchScreen.storyboard;
			sourceTree = "<group>";
		};
/* End PBXVariantGroup section */

/* Begin XCBuildConfiguration section */
		4F915415298460E800CBDABA /* Debug */ = {
			isa = XCBuildConfiguration;
			buildSettings = {
				ALWAYS_SEARCH_USER_PATHS = NO;
				CLANG_ANALYZER_NONNULL = YES;
				CLANG_ANALYZER_NUMBER_OBJECT_CONVERSION = YES_AGGRESSIVE;
				CLANG_CXX_LANGUAGE_STANDARD = "gnu++20";
				CLANG_ENABLE_MODULES = YES;
				CLANG_ENABLE_OBJC_ARC = YES;
				CLANG_ENABLE_OBJC_WEAK = YES;
				CLANG_WARN_BLOCK_CAPTURE_AUTORELEASING = YES;
				CLANG_WARN_BOOL_CONVERSION = YES;
				CLANG_WARN_COMMA = YES;
				CLANG_WARN_CONSTANT_CONVERSION = YES;
				CLANG_WARN_DEPRECATED_OBJC_IMPLEMENTATIONS = YES;
				CLANG_WARN_DIRECT_OBJC_ISA_USAGE = YES_ERROR;
				CLANG_WARN_DOCUMENTATION_COMMENTS = YES;
				CLANG_WARN_EMPTY_BODY = YES;
				CLANG_WARN_ENUM_CONVERSION = YES;
				CLANG_WARN_INFINITE_RECURSION = YES;
				CLANG_WARN_INT_CONVERSION = YES;
				CLANG_WARN_NON_LITERAL_NULL_CONVERSION = YES;
				CLANG_WARN_OBJC_IMPLICIT_RETAIN_SELF = YES;
				CLANG_WARN_OBJC_LITERAL_CONVERSION = YES;
				CLANG_WARN_OBJC_ROOT_CLASS = YES_ERROR;
				CLANG_WARN_QUOTED_INCLUDE_IN_FRAMEWORK_HEADER = YES;
				CLANG_WARN_RANGE_LOOP_ANALYSIS = YES;
				CLANG_WARN_STRICT_PROTOTYPES = YES;
				CLANG_WARN_SUSPICIOUS_MOVE = YES;
				CLANG_WARN_UNGUARDED_AVAILABILITY = YES_AGGRESSIVE;
				CLANG_WARN_UNREACHABLE_CODE = YES;
				CLANG_WARN__DUPLICATE_METHOD_MATCH = YES;
				COPY_PHASE_STRIP = NO;
				DEBUG_INFORMATION_FORMAT = dwarf;
				ENABLE_STRICT_OBJC_MSGSEND = YES;
				ENABLE_TESTABILITY = YES;
				GCC_C_LANGUAGE_STANDARD = gnu11;
				GCC_DYNAMIC_NO_PIC = NO;
				GCC_NO_COMMON_BLOCKS = YES;
				GCC_OPTIMIZATION_LEVEL = 0;
				GCC_PREPROCESSOR_DEFINITIONS = (
					"DEBUG=1",
					"$(inherited)",
				);
				GCC_WARN_64_TO_32_BIT_CONVERSION = YES;
				GCC_WARN_ABOUT_RETURN_TYPE = YES_ERROR;
				GCC_WARN_UNDECLARED_SELECTOR = YES;
				GCC_WARN_UNINITIALIZED_AUTOS = YES_AGGRESSIVE;
				GCC_WARN_UNUSED_FUNCTION = YES;
				GCC_WARN_UNUSED_VARIABLE = YES;
				IPHONEOS_DEPLOYMENT_TARGET = 16.2;
				MTL_ENABLE_DEBUG_INFO = INCLUDE_SOURCE;
				MTL_FAST_MATH = YES;
				ONLY_ACTIVE_ARCH = YES;
				SDKROOT = iphoneos;
				SWIFT_ACTIVE_COMPILATION_CONDITIONS = DEBUG;
				SWIFT_OPTIMIZATION_LEVEL = "-Onone";
			};
			name = Debug;
		};
		4F915416298460E800CBDABA /* Release */ = {
			isa = XCBuildConfiguration;
			buildSettings = {
				ALWAYS_SEARCH_USER_PATHS = NO;
				CLANG_ANALYZER_NONNULL = YES;
				CLANG_ANALYZER_NUMBER_OBJECT_CONVERSION = YES_AGGRESSIVE;
				CLANG_CXX_LANGUAGE_STANDARD = "gnu++20";
				CLANG_ENABLE_MODULES = YES;
				CLANG_ENABLE_OBJC_ARC = YES;
				CLANG_ENABLE_OBJC_WEAK = YES;
				CLANG_WARN_BLOCK_CAPTURE_AUTORELEASING = YES;
				CLANG_WARN_BOOL_CONVERSION = YES;
				CLANG_WARN_COMMA = YES;
				CLANG_WARN_CONSTANT_CONVERSION = YES;
				CLANG_WARN_DEPRECATED_OBJC_IMPLEMENTATIONS = YES;
				CLANG_WARN_DIRECT_OBJC_ISA_USAGE = YES_ERROR;
				CLANG_WARN_DOCUMENTATION_COMMENTS = YES;
				CLANG_WARN_EMPTY_BODY = YES;
				CLANG_WARN_ENUM_CONVERSION = YES;
				CLANG_WARN_INFINITE_RECURSION = YES;
				CLANG_WARN_INT_CONVERSION = YES;
				CLANG_WARN_NON_LITERAL_NULL_CONVERSION = YES;
				CLANG_WARN_OBJC_IMPLICIT_RETAIN_SELF = YES;
				CLANG_WARN_OBJC_LITERAL_CONVERSION = YES;
				CLANG_WARN_OBJC_ROOT_CLASS = YES_ERROR;
				CLANG_WARN_QUOTED_INCLUDE_IN_FRAMEWORK_HEADER = YES;
				CLANG_WARN_RANGE_LOOP_ANALYSIS = YES;
				CLANG_WARN_STRICT_PROTOTYPES = YES;
				CLANG_WARN_SUSPICIOUS_MOVE = YES;
				CLANG_WARN_UNGUARDED_AVAILABILITY = YES_AGGRESSIVE;
				CLANG_WARN_UNREACHABLE_CODE = YES;
				CLANG_WARN__DUPLICATE_METHOD_MATCH = YES;
				COPY_PHASE_STRIP = NO;
				DEBUG_INFORMATION_FORMAT = "dwarf-with-dsym";
				ENABLE_NS_ASSERTIONS = NO;
				ENABLE_STRICT_OBJC_MSGSEND = YES;
				GCC_C_LANGUAGE_STANDARD = gnu11;
				GCC_NO_COMMON_BLOCKS = YES;
				GCC_WARN_64_TO_32_BIT_CONVERSION = YES;
				GCC_WARN_ABOUT_RETURN_TYPE = YES_ERROR;
				GCC_WARN_UNDECLARED_SELECTOR = YES;
				GCC_WARN_UNINITIALIZED_AUTOS = YES_AGGRESSIVE;
				GCC_WARN_UNUSED_FUNCTION = YES;
				GCC_WARN_UNUSED_VARIABLE = YES;
				IPHONEOS_DEPLOYMENT_TARGET = 16.2;
				MTL_ENABLE_DEBUG_INFO = NO;
				MTL_FAST_MATH = YES;
				SDKROOT = iphoneos;
				SWIFT_COMPILATION_MODE = wholemodule;
				SWIFT_OPTIMIZATION_LEVEL = "-O";
				VALIDATE_PRODUCT = YES;
			};
			name = Release;
		};
		4F915418298460E800CBDABA /* Debug */ = {
			isa = XCBuildConfiguration;
			baseConfigurationReference = 3869B597C411E039C868F64D /* Pods-RocketTap.debug.xcconfig */;
			buildSettings = {
				ASSETCATALOG_COMPILER_APPICON_NAME = AppIcon;
				ASSETCATALOG_COMPILER_GLOBAL_ACCENT_COLOR_NAME = AccentColor;
				CODE_SIGN_STYLE = Automatic;
				CURRENT_PROJECT_VERSION = 1;
				DEVELOPMENT_TEAM = XWQT2AUZQ9;
				GENERATE_INFOPLIST_FILE = YES;
				INFOPLIST_FILE = RocketTap/Settings/Info.plist;
				INFOPLIST_KEY_LSApplicationCategoryType = "public.app-category.games";
				INFOPLIST_KEY_UIApplicationSupportsIndirectInputEvents = YES;
				INFOPLIST_KEY_UILaunchStoryboardName = LaunchScreen;
				INFOPLIST_KEY_UIMainStoryboardFile = "";
				INFOPLIST_KEY_UISupportedInterfaceOrientations_iPad = "UIInterfaceOrientationPortrait UIInterfaceOrientationPortraitUpsideDown UIInterfaceOrientationLandscapeLeft UIInterfaceOrientationLandscapeRight";
				INFOPLIST_KEY_UISupportedInterfaceOrientations_iPhone = "UIInterfaceOrientationPortrait UIInterfaceOrientationLandscapeLeft UIInterfaceOrientationLandscapeRight";
				IPHONEOS_DEPLOYMENT_TARGET = 13.0;
				LD_RUNPATH_SEARCH_PATHS = (
					"$(inherited)",
					"@executable_path/Frameworks",
				);
				MARKETING_VERSION = 1;
				PRODUCT_BUNDLE_IDENTIFIER = com.irisandromeda.RocketTap;
				PRODUCT_NAME = "$(TARGET_NAME)";
				SUPPORTED_PLATFORMS = "iphoneos iphonesimulator";
				SUPPORTS_MACCATALYST = NO;
				SUPPORTS_MAC_DESIGNED_FOR_IPHONE_IPAD = NO;
				SWIFT_EMIT_LOC_STRINGS = YES;
				SWIFT_VERSION = 5.0;
				TARGETED_DEVICE_FAMILY = 1;
			};
			name = Debug;
		};
		4F915419298460E800CBDABA /* Release */ = {
			isa = XCBuildConfiguration;
			baseConfigurationReference = 3D294CEF3E5019AFBED0D976 /* Pods-RocketTap.release.xcconfig */;
			buildSettings = {
				ASSETCATALOG_COMPILER_APPICON_NAME = AppIcon;
				ASSETCATALOG_COMPILER_GLOBAL_ACCENT_COLOR_NAME = AccentColor;
				CODE_SIGN_STYLE = Automatic;
				CURRENT_PROJECT_VERSION = 1;
				DEVELOPMENT_TEAM = XWQT2AUZQ9;
				GENERATE_INFOPLIST_FILE = YES;
				INFOPLIST_FILE = RocketTap/Settings/Info.plist;
				INFOPLIST_KEY_LSApplicationCategoryType = "public.app-category.games";
				INFOPLIST_KEY_UIApplicationSupportsIndirectInputEvents = YES;
				INFOPLIST_KEY_UILaunchStoryboardName = LaunchScreen;
				INFOPLIST_KEY_UIMainStoryboardFile = "";
				INFOPLIST_KEY_UISupportedInterfaceOrientations_iPad = "UIInterfaceOrientationPortrait UIInterfaceOrientationPortraitUpsideDown UIInterfaceOrientationLandscapeLeft UIInterfaceOrientationLandscapeRight";
				INFOPLIST_KEY_UISupportedInterfaceOrientations_iPhone = "UIInterfaceOrientationPortrait UIInterfaceOrientationLandscapeLeft UIInterfaceOrientationLandscapeRight";
				IPHONEOS_DEPLOYMENT_TARGET = 13.0;
				LD_RUNPATH_SEARCH_PATHS = (
					"$(inherited)",
					"@executable_path/Frameworks",
				);
				MARKETING_VERSION = 1;
				PRODUCT_BUNDLE_IDENTIFIER = com.irisandromeda.RocketTap;
				PRODUCT_NAME = "$(TARGET_NAME)";
				SUPPORTED_PLATFORMS = "iphoneos iphonesimulator";
				SUPPORTS_MACCATALYST = NO;
				SUPPORTS_MAC_DESIGNED_FOR_IPHONE_IPAD = NO;
				SWIFT_EMIT_LOC_STRINGS = YES;
				SWIFT_VERSION = 5.0;
				TARGETED_DEVICE_FAMILY = 1;
			};
			name = Release;
		};
/* End XCBuildConfiguration section */

/* Begin XCConfigurationList section */
		4F9153FE298460E700CBDABA /* Build configuration list for PBXProject "RocketTap" */ = {
			isa = XCConfigurationList;
			buildConfigurations = (
				4F915415298460E800CBDABA /* Debug */,
				4F915416298460E800CBDABA /* Release */,
			);
			defaultConfigurationIsVisible = 0;
			defaultConfigurationName = Release;
		};
		4F915417298460E800CBDABA /* Build configuration list for PBXNativeTarget "RocketTap" */ = {
			isa = XCConfigurationList;
			buildConfigurations = (
				4F915418298460E800CBDABA /* Debug */,
				4F915419298460E800CBDABA /* Release */,
			);
			defaultConfigurationIsVisible = 0;
			defaultConfigurationName = Release;
		};
/* End XCConfigurationList section */
	};
	rootObject = 4F9153FB298460E700CBDABA /* Project object */;
}
